
Microsoft Visual Studio Solution File, Format Version 12.00
# Visual Studio Version 16
VisualStudioVersion = 16.0.29905.134
MinimumVisualStudioVersion = 10.0.40219.1
Project("{9A19103F-16F7-4668-BE54-9A1E7A4F7556}") = "Lab Reposición", "Lab Reposición\Lab Reposición.csproj", "{61C2471A-0960-459C-BF55-E574C5D3F8FD}"
EndProject
Project("{FAE04EC0-301F-11D3-BF4B-00C04F79EFBC}") = "Lab6 Cliente", "Lab6 Cliente\Lab6 Cliente.csproj", "{79F98C06-8F19-4FAB-9D98-EBD7C5F8220C}"
EndProject
Global
	GlobalSection(SolutionConfigurationPlatforms) = preSolution
		Debug|Any CPU = Debug|Any CPU
		Release|Any CPU = Release|Any CPU
	EndGlobalSection
	GlobalSection(ProjectConfigurationPlatforms) = postSolution
		{61C2471A-0960-459C-BF55-E574C5D3F8FD}.Debug|Any CPU.ActiveCfg = Debug|Any CPU
		{61C2471A-0960-459C-BF55-E574C5D3F8FD}.Debug|Any CPU.Build.0 = Debug|Any CPU
		{61C2471A-0960-459C-BF55-E574C5D3F8FD}.Release|Any CPU.ActiveCfg = Release|Any CPU
		{61C2471A-0960-459C-BF55-E574C5D3F8FD}.Release|Any CPU.Build.0 = Release|Any CPU
		{79F98C06-8F19-4FAB-9D98-EBD7C5F8220C}.Debug|Any CPU.ActiveCfg = Debug|Any CPU
		{79F98C06-8F19-4FAB-9D98-EBD7C5F8220C}.Debug|Any CPU.Build.0 = Debug|Any CPU
		{79F98C06-8F19-4FAB-9D98-EBD7C5F8220C}.Release|Any CPU.ActiveCfg = Release|Any CPU
		{79F98C06-8F19-4FAB-9D98-EBD7C5F8220C}.Release|Any CPU.Build.0 = Release|Any CPU
	EndGlobalSection
	GlobalSection(SolutionProperties) = preSolution
		HideSolutionNode = FALSE
	EndGlobalSection
	GlobalSection(ExtensibilityGlobals) = postSolution
		SolutionGuid = {F657294E-C86C-4BE2-8BAA-092A8885BB6C}
	EndGlobalSection
EndGlobal
